
Microsoft Visual Studio Solution File, Format Version 12.00
# Visual Studio Version 16
VisualStudioVersion = 16.0.31005.135
MinimumVisualStudioVersion = 10.0.40219.1
Project("{FAE04EC0-301F-11D3-BF4B-00C04F79EFBC}") = "Jogo-Da-Velha-Refatorado", "Jogo-Da-Velha-Refatorado\Jogo-Da-Velha-Refatorado.csproj", "{19C78F15-52A7-4B92-A9BD-EB0D9B4D58B4}"
EndProject
Global
	GlobalSection(SolutionConfigurationPlatforms) = preSolution
		Debug|Any CPU = Debug|Any CPU
		Release|Any CPU = Release|Any CPU
	EndGlobalSection
	GlobalSection(ProjectConfigurationPlatforms) = postSolution
		{19C78F15-52A7-4B92-A9BD-EB0D9B4D58B4}.Debug|Any CPU.ActiveCfg = Debug|Any CPU
		{19C78F15-52A7-4B92-A9BD-EB0D9B4D58B4}.Debug|Any CPU.Build.0 = Debug|Any CPU
		{19C78F15-52A7-4B92-A9BD-EB0D9B4D58B4}.Release|Any CPU.ActiveCfg = Release|Any CPU
		{19C78F15-52A7-4B92-A9BD-EB0D9B4D58B4}.Release|Any CPU.Build.0 = Release|Any CPU
	EndGlobalSection
	GlobalSection(SolutionProperties) = preSolution
		HideSolutionNode = FALSE
	EndGlobalSection
	GlobalSection(ExtensibilityGlobals) = postSolution
		SolutionGuid = {AF7F0E3C-D899-4A27-9A24-CFF29D8313E4}
	EndGlobalSection
EndGlobal
